// !$*UTF8*$!
{
	archiveVersion = 1;
	classes = {
	};
	objectVersion = 50;
	objects = {

/* Begin PBXBuildFile section */
		7C819C05DA402104F2494E3B /* libPods-AppleDoc.a in Frameworks */ = {isa = PBXBuildFile; fileRef = F897CF68EF15104E657D8C07 /* libPods-AppleDoc.a */; };
		947A3703225F50EA004BF175 /* AppDelegate.m in Sources */ = {isa = PBXBuildFile; fileRef = 947A3702225F50EA004BF175 /* AppDelegate.m */; };
		947A3706225F50EA004BF175 /* ViewController.m in Sources */ = {isa = PBXBuildFile; fileRef = 947A3705225F50EA004BF175 /* ViewController.m */; };
		947A3709225F50EA004BF175 /* Main.storyboard in Resources */ = {isa = PBXBuildFile; fileRef = 947A3707225F50EA004BF175 /* Main.storyboard */; };
		947A370B225F50ED004BF175 /* Assets.xcassets in Resources */ = {isa = PBXBuildFile; fileRef = 947A370A225F50ED004BF175 /* Assets.xcassets */; };
		947A370E225F50ED004BF175 /* LaunchScreen.storyboard in Resources */ = {isa = PBXBuildFile; fileRef = 947A370C225F50ED004BF175 /* LaunchScreen.storyboard */; };
		947A3711225F50ED004BF175 /* main.m in Sources */ = {isa = PBXBuildFile; fileRef = 947A3710225F50ED004BF175 /* main.m */; };
		947A371B225F7341004BF175 /* DemoViewController.m in Sources */ = {isa = PBXBuildFile; fileRef = 947A3719225F7341004BF175 /* DemoViewController.m */; };
		947A371C225F7341004BF175 /* DemoViewController.xib in Resources */ = {isa = PBXBuildFile; fileRef = 947A371A225F7341004BF175 /* DemoViewController.xib */; };
/* End PBXBuildFile section */

/* Begin PBXFileReference section */
		52B93A0E9B988D06649EF2C3 /* Pods-AppleDoc.debug.xcconfig */ = {isa = PBXFileReference; includeInIndex = 1; lastKnownFileType = text.xcconfig; name = "Pods-AppleDoc.debug.xcconfig"; path = "Pods/Target Support Files/Pods-AppleDoc/Pods-AppleDoc.debug.xcconfig"; sourceTree = "<group>"; };
		947A36FE225F50EA004BF175 /* AppleDoc.app */ = {isa = PBXFileReference; explicitFileType = wrapper.application; includeInIndex = 0; path = AppleDoc.app; sourceTree = BUILT_PRODUCTS_DIR; };
		947A3701225F50EA004BF175 /* AppDelegate.h */ = {isa = PBXFileReference; lastKnownFileType = sourcecode.c.h; path = AppDelegate.h; sourceTree = "<group>"; };
		947A3702225F50EA004BF175 /* AppDelegate.m */ = {isa = PBXFileReference; lastKnownFileType = sourcecode.c.objc; path = AppDelegate.m; sourceTree = "<group>"; };
		947A3704225F50EA004BF175 /* ViewController.h */ = {isa = PBXFileReference; lastKnownFileType = sourcecode.c.h; path = ViewController.h; sourceTree = "<group>"; };
		947A3705225F50EA004BF175 /* ViewController.m */ = {isa = PBXFileReference; lastKnownFileType = sourcecode.c.objc; path = ViewController.m; sourceTree = "<group>"; };
		947A3708225F50EA004BF175 /* Base */ = {isa = PBXFileReference; lastKnownFileType = file.storyboard; name = Base; path = Base.lproj/Main.storyboard; sourceTree = "<group>"; };
		947A370A225F50ED004BF175 /* Assets.xcassets */ = {isa = PBXFileReference; lastKnownFileType = folder.assetcatalog; path = Assets.xcassets; sourceTree = "<group>"; };
		947A370D225F50ED004BF175 /* Base */ = {isa = PBXFileReference; lastKnownFileType = file.storyboard; name = Base; path = Base.lproj/LaunchScreen.storyboard; sourceTree = "<group>"; };
		947A370F225F50ED004BF175 /* Info.plist */ = {isa = PBXFileReference; lastKnownFileType = text.plist.xml; path = Info.plist; sourceTree = "<group>"; };
		947A3710225F50ED004BF175 /* main.m */ = {isa = PBXFileReference; lastKnownFileType = sourcecode.c.objc; path = main.m; sourceTree = "<group>"; };
		947A3718225F7341004BF175 /* DemoViewController.h */ = {isa = PBXFileReference; lastKnownFileType = sourcecode.c.h; path = DemoViewController.h; sourceTree = "<group>"; };
		947A3719225F7341004BF175 /* DemoViewController.m */ = {isa = PBXFileReference; lastKnownFileType = sourcecode.c.objc; path = DemoViewController.m; sourceTree = "<group>"; };
		947A371A225F7341004BF175 /* DemoViewController.xib */ = {isa = PBXFileReference; lastKnownFileType = file.xib; path = DemoViewController.xib; sourceTree = "<group>"; };
		F897CF68EF15104E657D8C07 /* libPods-AppleDoc.a */ = {isa = PBXFileReference; explicitFileType = archive.ar; includeInIndex = 0; path = "libPods-AppleDoc.a"; sourceTree = BUILT_PRODUCTS_DIR; };
		FF3C1FB8F32544D70502C226 /* Pods-AppleDoc.release.xcconfig */ = {isa = PBXFileReference; includeInIndex = 1; lastKnownFileType = text.xcconfig; name = "Pods-AppleDoc.release.xcconfig"; path = "Pods/Target Support Files/Pods-AppleDoc/Pods-AppleDoc.release.xcconfig"; sourceTree = "<group>"; };
/* End PBXFileReference section */

/* Begin PBXFrameworksBuildPhase section */
		947A36FB225F50EA004BF175 /* Frameworks */ = {
			isa = PBXFrameworksBuildPhase;
			buildActionMask = 2147483647;
			files = (
				7C819C05DA402104F2494E3B /* libPods-AppleDoc.a in Frameworks */,
			);
			runOnlyForDeploymentPostprocessing = 0;
		};
/* End PBXFrameworksBuildPhase section */

/* Begin PBXGroup section */
		6B9FB97863F26C5C7ED5C941 /* Pods */ = {
			isa = PBXGroup;
			children = (
				52B93A0E9B988D06649EF2C3 /* Pods-AppleDoc.debug.xcconfig */,
				FF3C1FB8F32544D70502C226 /* Pods-AppleDoc.release.xcconfig */,
			);
			name = Pods;
			sourceTree = "<group>";
		};
		947A36F5225F50EA004BF175 = {
			isa = PBXGroup;
			children = (
				947A3700225F50EA004BF175 /* AppleDoc */,
				947A36FF225F50EA004BF175 /* Products */,
				6B9FB97863F26C5C7ED5C941 /* Pods */,
				E8AC1CBC70A1324A8A27E45A /* Frameworks */,
			);
			sourceTree = "<group>";
		};
		947A36FF225F50EA004BF175 /* Products */ = {
			isa = PBXGroup;
			children = (
				947A36FE225F50EA004BF175 /* AppleDoc.app */,
			);
			name = Products;
			sourceTree = "<group>";
		};
		947A3700225F50EA004BF175 /* AppleDoc */ = {
			isa = PBXGroup;
			children = (
				947A3717225F71DF004BF175 /* demo */,
				947A3701225F50EA004BF175 /* AppDelegate.h */,
				947A3702225F50EA004BF175 /* AppDelegate.m */,
				947A3704225F50EA004BF175 /* ViewController.h */,
				947A3705225F50EA004BF175 /* ViewController.m */,
				947A3707225F50EA004BF175 /* Main.storyboard */,
				947A370A225F50ED004BF175 /* Assets.xcassets */,
				947A370C225F50ED004BF175 /* LaunchScreen.storyboard */,
				947A370F225F50ED004BF175 /* Info.plist */,
				947A3710225F50ED004BF175 /* main.m */,
			);
			path = AppleDoc;
			sourceTree = "<group>";
		};
		947A3717225F71DF004BF175 /* demo */ = {
			isa = PBXGroup;
			children = (
				947A3718225F7341004BF175 /* DemoViewController.h */,
				947A3719225F7341004BF175 /* DemoViewController.m */,
				947A371A225F7341004BF175 /* DemoViewController.xib */,
			);
			path = demo;
			sourceTree = "<group>";
		};
		E8AC1CBC70A1324A8A27E45A /* Frameworks */ = {
			isa = PBXGroup;
			children = (
				F897CF68EF15104E657D8C07 /* libPods-AppleDoc.a */,
			);
			name = Frameworks;
			sourceTree = "<group>";
		};
/* End PBXGroup section */

/* Begin PBXNativeTarget section */
		947A36FD225F50EA004BF175 /* AppleDoc */ = {
			isa = PBXNativeTarget;
			buildConfigurationList = 947A3714225F50ED004BF175 /* Build configuration list for PBXNativeTarget "AppleDoc" */;
			buildPhases = (
				C102E83DD13147810C1C7B01 /* [CP] Check Pods Manifest.lock */,
				947A36FA225F50EA004BF175 /* Sources */,
				947A36FB225F50EA004BF175 /* Frameworks */,
				947A36FC225F50EA004BF175 /* Resources */,
			);
			buildRules = (
			);
			dependencies = (
			);
			name = AppleDoc;
			productName = AppleDoc;
			productReference = 947A36FE225F50EA004BF175 /* AppleDoc.app */;
			productType = "com.apple.product-type.application";
		};
/* End PBXNativeTarget section */

/* Begin PBXProject section */
		947A36F6225F50EA004BF175 /* Project object */ = {
			isa = PBXProject;
			attributes = {
				LastUpgradeCheck = 1010;
				ORGANIZATIONNAME = ChenZhe;
				TargetAttributes = {
					947A36FD225F50EA004BF175 = {
						CreatedOnToolsVersion = 10.1;
					};
				};
			};
			buildConfigurationList = 947A36F9225F50EA004BF175 /* Build configuration list for PBXProject "AppleDoc" */;
			compatibilityVersion = "Xcode 9.3";
			developmentRegion = en;
			hasScannedForEncodings = 0;
			knownRegions = (
				en,
				Base,
			);
			mainGroup = 947A36F5225F50EA004BF175;
			productRefGroup = 947A36FF225F50EA004BF175 /* Products */;
			projectDirPath = "";
			projectRoot = "";
			targets = (
				947A36FD225F50EA004BF175 /* AppleDoc */,
			);
		};
/* End PBXProject section */

/* Begin PBXResourcesBuildPhase section */
		947A36FC225F50EA004BF175 /* Resources */ = {
			isa = PBXResourcesBuildPhase;
			buildActionMask = 2147483647;
			files = (
				947A370E225F50ED004BF175 /* LaunchScreen.storyboard in Resources */,
				947A370B225F50ED004BF175 /* Assets.xcassets in Resources */,
				947A3709225F50EA004BF175 /* Main.storyboard in Resources */,
				947A371C225F7341004BF175 /* DemoViewController.xib in Resources */,
			);
			runOnlyForDeploymentPostprocessing = 0;
		};
/* End PBXResourcesBuildPhase section */

/* Begin PBXShellScriptBuildPhase section */
		C102E83DD13147810C1C7B01 /* [CP] Check Pods Manifest.lock */ = {
			isa = PBXShellScriptBuildPhase;
			buildActionMask = 2147483647;
			files = (
			);
			inputPaths = (
				"${PODS_PODFILE_DIR_PATH}/Podfile.lock",
				"${PODS_ROOT}/Manifest.lock",
			);
			name = "[CP] Check Pods Manifest.lock";
			outputPaths = (
				"$(DERIVED_FILE_DIR)/Pods-AppleDoc-checkManifestLockResult.txt",
			);
			runOnlyForDeploymentPostprocessing = 0;
			shellPath = /bin/sh;
			shellScript = "diff \"${PODS_PODFILE_DIR_PATH}/Podfile.lock\" \"${PODS_ROOT}/Manifest.lock\" > /dev/null\nif [ $? != 0 ] ; then\n    # print error to STDERR\n    echo \"error: The sandbox is not in sync with the Podfile.lock. Run 'pod install' or update your CocoaPods installation.\" >&2\n    exit 1\nfi\n# This output is used by Xcode 'outputs' to avoid re-running this script phase.\necho \"SUCCESS\" > \"${SCRIPT_OUTPUT_FILE_0}\"\n";
			showEnvVarsInLog = 0;
		};
/* End PBXShellScriptBuildPhase section */

/* Begin PBXSourcesBuildPhase section */
		947A36FA225F50EA004BF175 /* Sources */ = {
			isa = PBXSourcesBuildPhase;
			buildActionMask = 2147483647;
			files = (
				947A3706225F50EA004BF175 /* ViewController.m in Sources */,
				947A3711225F50ED004BF175 /* main.m in Sources */,
				947A3703225F50EA004BF175 /* AppDelegate.m in Sources */,
				947A371B225F7341004BF175 /* DemoViewController.m in Sources */,
			);
			runOnlyForDeploymentPostprocessing = 0;
		};
/* End PBXSourcesBuildPhase section */

/* Begin PBXVariantGroup section */
		947A3707225F50EA004BF175 /* Main.storyboard */ = {
			isa = PBXVariantGroup;
			children = (
				947A3708225F50EA004BF175 /* Base */,
			);
			name = Main.storyboard;
			sourceTree = "<group>";
		};
		947A370C225F50ED004BF175 /* LaunchScreen.storyboard */ = {
			isa = PBXVariantGroup;
			children = (
				947A370D225F50ED004BF175 /* Base */,
			);
			name = LaunchScreen.storyboard;
			sourceTree = "<group>";
		};
/* End PBXVariantGroup section */

/* Begin XCBuildConfiguration section */
		947A3712225F50ED004BF175 /* Debug */ = {
			isa = XCBuildConfiguration;
			buildSettings = {
				ALWAYS_SEARCH_USER_PATHS = NO;
				CLANG_ANALYZER_NONNULL = YES;
				CLANG_ANALYZER_NUMBER_OBJECT_CONVERSION = YES_AGGRESSIVE;
				CLANG_CXX_LANGUAGE_STANDARD = "gnu++14";
				CLANG_CXX_LIBRARY = "libc++";
				CLANG_ENABLE_MODULES = YES;
				CLANG_ENABLE_OBJC_ARC = YES;
				CLANG_ENABLE_OBJC_WEAK = YES;
				CLANG_WARN_BLOCK_CAPTURE_AUTORELEASING = YES;
				CLANG_WARN_BOOL_CONVERSION = YES;
				CLANG_WARN_COMMA = YES;
				CLANG_WARN_CONSTANT_CONVERSION = YES;
				CLANG_WARN_DEPRECATED_OBJC_IMPLEMENTATIONS = YES;
				CLANG_WARN_DIRECT_OBJC_ISA_USAGE = YES_ERROR;
				CLANG_WARN_DOCUMENTATION_COMMENTS = YES;
				CLANG_WARN_EMPTY_BODY = YES;
				CLANG_WARN_ENUM_CONVERSION = YES;
				CLANG_WARN_INFINITE_RECURSION = YES;
				CLANG_WARN_INT_CONVERSION = YES;
				CLANG_WARN_NON_LITERAL_NULL_CONVERSION = YES;
				CLANG_WARN_OBJC_IMPLICIT_RETAIN_SELF = YES;
				CLANG_WARN_OBJC_LITERAL_CONVERSION = YES;
				CLANG_WARN_OBJC_ROOT_CLASS = YES_ERROR;
				CLANG_WARN_RANGE_LOOP_ANALYSIS = YES;
				CLANG_WARN_STRICT_PROTOTYPES = YES;
				CLANG_WARN_SUSPICIOUS_MOVE = YES;
				CLANG_WARN_UNGUARDED_AVAILABILITY = YES_AGGRESSIVE;
				CLANG_WARN_UNREACHABLE_CODE = YES;
				CLANG_WARN__DUPLICATE_METHOD_MATCH = YES;
				CODE_SIGN_IDENTITY = "iPhone Developer";
				COPY_PHASE_STRIP = NO;
				DEBUG_INFORMATION_FORMAT = dwarf;
				ENABLE_STRICT_OBJC_MSGSEND = YES;
				ENABLE_TESTABILITY = YES;
				GCC_C_LANGUAGE_STANDARD = gnu11;
				GCC_DYNAMIC_NO_PIC = NO;
				GCC_NO_COMMON_BLOCKS = YES;
				GCC_OPTIMIZATION_LEVEL = 0;
				GCC_PREPROCESSOR_DEFINITIONS = (
					"DEBUG=1",
					"$(inherited)",
				);
				GCC_WARN_64_TO_32_BIT_CONVERSION = YES;
				GCC_WARN_ABOUT_RETURN_TYPE = YES_ERROR;
				GCC_WARN_UNDECLARED_SELECTOR = YES;
				GCC_WARN_UNINITIALIZED_AUTOS = YES_AGGRESSIVE;
				GCC_WARN_UNUSED_FUNCTION = YES;
				GCC_WARN_UNUSED_VARIABLE = YES;
				IPHONEOS_DEPLOYMENT_TARGET = 12.1;
				MTL_ENABLE_DEBUG_INFO = INCLUDE_SOURCE;
				MTL_FAST_MATH = YES;
				ONLY_ACTIVE_ARCH = YES;
				SDKROOT = iphoneos;
			};
			name = Debug;
		};
		947A3713225F50ED004BF175 /* Release */ = {
			isa = XCBuildConfiguration;
			buildSettings = {
				ALWAYS_SEARCH_USER_PATHS = NO;
				CLANG_ANALYZER_NONNULL = YES;
				CLANG_ANALYZER_NUMBER_OBJECT_CONVERSION = YES_AGGRESSIVE;
				CLANG_CXX_LANGUAGE_STANDARD = "gnu++14";
				CLANG_CXX_LIBRARY = "libc++";
				CLANG_ENABLE_MODULES = YES;
				CLANG_ENABLE_OBJC_ARC = YES;
				CLANG_ENABLE_OBJC_WEAK = YES;
				CLANG_WARN_BLOCK_CAPTURE_AUTORELEASING = YES;
				CLANG_WARN_BOOL_CONVERSION = YES;
				CLANG_WARN_COMMA = YES;
				CLANG_WARN_CONSTANT_CONVERSION = YES;
				CLANG_WARN_DEPRECATED_OBJC_IMPLEMENTATIONS = YES;
				CLANG_WARN_DIRECT_OBJC_ISA_USAGE = YES_ERROR;
				CLANG_WARN_DOCUMENTATION_COMMENTS = YES;
				CLANG_WARN_EMPTY_BODY = YES;
				CLANG_WARN_ENUM_CONVERSION = YES;
				CLANG_WARN_INFINITE_RECURSION = YES;
				CLANG_WARN_INT_CONVERSION = YES;
				CLANG_WARN_NON_LITERAL_NULL_CONVERSION = YES;
				CLANG_WARN_OBJC_IMPLICIT_RETAIN_SELF = YES;
				CLANG_WARN_OBJC_LITERAL_CONVERSION = YES;
				CLANG_WARN_OBJC_ROOT_CLASS = YES_ERROR;
				CLANG_WARN_RANGE_LOOP_ANALYSIS = YES;
				CLANG_WARN_STRICT_PROTOTYPES = YES;
				CLANG_WARN_SUSPICIOUS_MOVE = YES;
				CLANG_WARN_UNGUARDED_AVAILABILITY = YES_AGGRESSIVE;
				CLANG_WARN_UNREACHABLE_CODE = YES;
				CLANG_WARN__DUPLICATE_METHOD_MATCH = YES;
				CODE_SIGN_IDENTITY = "iPhone Developer";
				COPY_PHASE_STRIP = NO;
				DEBUG_INFORMATION_FORMAT = "dwarf-with-dsym";
				ENABLE_NS_ASSERTIONS = NO;
				ENABLE_STRICT_OBJC_MSGSEND = YES;
				GCC_C_LANGUAGE_STANDARD = gnu11;
				GCC_NO_COMMON_BLOCKS = YES;
				GCC_WARN_64_TO_32_BIT_CONVERSION = YES;
				GCC_WARN_ABOUT_RETURN_TYPE = YES_ERROR;
				GCC_WARN_UNDECLARED_SELECTOR = YES;
				GCC_WARN_UNINITIALIZED_AUTOS = YES_AGGRESSIVE;
				GCC_WARN_UNUSED_FUNCTION = YES;
				GCC_WARN_UNUSED_VARIABLE = YES;
				IPHONEOS_DEPLOYMENT_TARGET = 12.1;
				MTL_ENABLE_DEBUG_INFO = NO;
				MTL_FAST_MATH = YES;
				SDKROOT = iphoneos;
				VALIDATE_PRODUCT = YES;
			};
			name = Release;
		};
		947A3715225F50ED004BF175 /* Debug */ = {
			isa = XCBuildConfiguration;
			baseConfigurationReference = 52B93A0E9B988D06649EF2C3 /* Pods-AppleDoc.debug.xcconfig */;
			buildSettings = {
				ASSETCATALOG_COMPILER_APPICON_NAME = AppIcon;
				CODE_SIGN_STYLE = Automatic;
				INFOPLIST_FILE = AppleDoc/Info.plist;
				LD_RUNPATH_SEARCH_PATHS = (
					"$(inherited)",
					"@executable_path/Frameworks",
				);
				PRODUCT_BUNDLE_IDENTIFIER = com.chenzhe.AppleDoc;
				PRODUCT_NAME = "$(TARGET_NAME)";
				TARGETED_DEVICE_FAMILY = "1,2";
			};
			name = Debug;
		};
		947A3716225F50ED004BF175 /* Release */ = {
			isa = XCBuildConfiguration;
			baseConfigurationReference = FF3C1FB8F32544D70502C226 /* Pods-AppleDoc.release.xcconfig */;
			buildSettings = {
				ASSETCATALOG_COMPILER_APPICON_NAME = AppIcon;
				CODE_SIGN_STYLE = Automatic;
				INFOPLIST_FILE = AppleDoc/Info.plist;
				LD_RUNPATH_SEARCH_PATHS = (
					"$(inherited)",
					"@executable_path/Frameworks",
				);
				PRODUCT_BUNDLE_IDENTIFIER = com.chenzhe.AppleDoc;
				PRODUCT_NAME = "$(TARGET_NAME)";
				TARGETED_DEVICE_FAMILY = "1,2";
			};
			name = Release;
		};
/* End XCBuildConfiguration section */

/* Begin XCConfigurationList section */
		947A36F9225F50EA004BF175 /* Build configuration list for PBXProject "AppleDoc" */ = {
			isa = XCConfigurationList;
			buildConfigurations = (
				947A3712225F50ED004BF175 /* Debug */,
				947A3713225F50ED004BF175 /* Release */,
			);
			defaultConfigurationIsVisible = 0;
			defaultConfigurationName = Release;
		};
		947A3714225F50ED004BF175 /* Build configuration list for PBXNativeTarget "AppleDoc" */ = {
			isa = XCConfigurationList;
			buildConfigurations = (
				947A3715225F50ED004BF175 /* Debug */,
				947A3716225F50ED004BF175 /* Release */,
			);
			defaultConfigurationIsVisible = 0;
			defaultConfigurationName = Release;
		};
/* End XCConfigurationList section */
	};
	rootObject = 947A36F6225F50EA004BF175 /* Project object */;
}
